
Microsoft Visual Studio Solution File, Format Version 12.00
# Visual Studio Version 16
VisualStudioVersion = 16.0.28803.352
MinimumVisualStudioVersion = 10.0.40219.1
Project("{FAE04EC0-301F-11D3-BF4B-00C04F79EFBC}") = "Even3", "Even3\Even3.csproj", "{806128A8-DC0C-4A6C-8D2F-1385111D6157}"
EndProject
Global
	GlobalSection(SolutionConfigurationPlatforms) = preSolution
		Debug|Any CPU = Debug|Any CPU
		Release|Any CPU = Release|Any CPU
	EndGlobalSection
	GlobalSection(ProjectConfigurationPlatforms) = postSolution
		{806128A8-DC0C-4A6C-8D2F-1385111D6157}.Debug|Any CPU.ActiveCfg = Debug|Any CPU
		{806128A8-DC0C-4A6C-8D2F-1385111D6157}.Debug|Any CPU.Build.0 = Debug|Any CPU
		{806128A8-DC0C-4A6C-8D2F-1385111D6157}.Release|Any CPU.ActiveCfg = Release|Any CPU
		{806128A8-DC0C-4A6C-8D2F-1385111D6157}.Release|Any CPU.Build.0 = Release|Any CPU
	EndGlobalSection
	GlobalSection(SolutionProperties) = preSolution
		HideSolutionNode = FALSE
	EndGlobalSection
	GlobalSection(ExtensibilityGlobals) = postSolution
		SolutionGuid = {75525354-2837-4144-892D-AC4B1270712C}
	EndGlobalSection
EndGlobal
